
Microsoft Visual Studio Solution File, Format Version 12.00
# Visual Studio Version 17
VisualStudioVersion = 17.12.35521.163
MinimumVisualStudioVersion = 10.0.40219.1
Project("{FAE04EC0-301F-11D3-BF4B-00C04F79EFBC}") = "HotelService.Api", "HotelService.Api\HotelService.Api.csproj", "{4F334B30-E4EA-4DBE-AB65-52EDCFE66066}"
EndProject
Project("{2150E333-8FDC-42A3-9474-1A3956D46DE8}") = "Solution Items", "Solution Items", "{7BF688FA-1CBF-4348-ACA8-70277F61664D}"
	ProjectSection(SolutionItems) = preProject
		docker-compose.yml = docker-compose.yml
	EndProjectSection
EndProject
Project("{FAE04EC0-301F-11D3-BF4B-00C04F79EFBC}") = "HotelService.Data", "HotelService.Data\HotelService.Data.csproj", "{9EA4D6E5-BE61-4091-A120-828D657B20AE}"
EndProject
Project("{FAE04EC0-301F-11D3-BF4B-00C04F79EFBC}") = "ReportService.Api", "ReportService.Api\ReportService.Api.csproj", "{BA3ECCD6-8D3A-4302-8634-B751807B2A99}"
EndProject
Project("{FAE04EC0-301F-11D3-BF4B-00C04F79EFBC}") = "ReportService.Data", "ReportService.Data\ReportService.Data.csproj", "{0865B31C-3B8B-44E1-9706-4C309556EEEF}"
EndProject
Project("{FAE04EC0-301F-11D3-BF4B-00C04F79EFBC}") = "App.Core", "App.Core\App.Core.csproj", "{88750467-D870-433A-81A5-61008F904892}"
EndProject
Project("{FAE04EC0-301F-11D3-BF4B-00C04F79EFBC}") = "HotelService.Application", "HotelService.Application\HotelService.Application.csproj", "{796A24AF-844B-4463-BBE2-707EB1A44CA5}"
EndProject
Project("{FAE04EC0-301F-11D3-BF4B-00C04F79EFBC}") = "ReportService.Application", "ReportService.Application\ReportService.Application.csproj", "{FBD55CDE-C6FF-4DAE-9BF3-217E0248B63D}"
EndProject
Project("{FAE04EC0-301F-11D3-BF4B-00C04F79EFBC}") = "ReportService.Consumer", "ReportService.Consumer\ReportService.Consumer.csproj", "{4FBA1A1E-518A-4BFB-9F3E-B5B1488C1C1F}"
EndProject
Project("{FAE04EC0-301F-11D3-BF4B-00C04F79EFBC}") = "ReportService.Client", "ReportService.Client\ReportService.Client.csproj", "{C5DEBBFD-CD40-4E59-BBB5-ED2CE901EB68}"
EndProject
Global
	GlobalSection(SolutionConfigurationPlatforms) = preSolution
		Debug|Any CPU = Debug|Any CPU
		Release|Any CPU = Release|Any CPU
	EndGlobalSection
	GlobalSection(ProjectConfigurationPlatforms) = postSolution
		{4F334B30-E4EA-4DBE-AB65-52EDCFE66066}.Debug|Any CPU.ActiveCfg = Debug|Any CPU
		{4F334B30-E4EA-4DBE-AB65-52EDCFE66066}.Debug|Any CPU.Build.0 = Debug|Any CPU
		{4F334B30-E4EA-4DBE-AB65-52EDCFE66066}.Release|Any CPU.ActiveCfg = Release|Any CPU
		{4F334B30-E4EA-4DBE-AB65-52EDCFE66066}.Release|Any CPU.Build.0 = Release|Any CPU
		{9EA4D6E5-BE61-4091-A120-828D657B20AE}.Debug|Any CPU.ActiveCfg = Debug|Any CPU
		{9EA4D6E5-BE61-4091-A120-828D657B20AE}.Debug|Any CPU.Build.0 = Debug|Any CPU
		{9EA4D6E5-BE61-4091-A120-828D657B20AE}.Release|Any CPU.ActiveCfg = Release|Any CPU
		{9EA4D6E5-BE61-4091-A120-828D657B20AE}.Release|Any CPU.Build.0 = Release|Any CPU
		{BA3ECCD6-8D3A-4302-8634-B751807B2A99}.Debug|Any CPU.ActiveCfg = Debug|Any CPU
		{BA3ECCD6-8D3A-4302-8634-B751807B2A99}.Debug|Any CPU.Build.0 = Debug|Any CPU
		{BA3ECCD6-8D3A-4302-8634-B751807B2A99}.Release|Any CPU.ActiveCfg = Release|Any CPU
		{BA3ECCD6-8D3A-4302-8634-B751807B2A99}.Release|Any CPU.Build.0 = Release|Any CPU
		{0865B31C-3B8B-44E1-9706-4C309556EEEF}.Debug|Any CPU.ActiveCfg = Debug|Any CPU
		{0865B31C-3B8B-44E1-9706-4C309556EEEF}.Debug|Any CPU.Build.0 = Debug|Any CPU
		{0865B31C-3B8B-44E1-9706-4C309556EEEF}.Release|Any CPU.ActiveCfg = Release|Any CPU
		{0865B31C-3B8B-44E1-9706-4C309556EEEF}.Release|Any CPU.Build.0 = Release|Any CPU
		{88750467-D870-433A-81A5-61008F904892}.Debug|Any CPU.ActiveCfg = Debug|Any CPU
		{88750467-D870-433A-81A5-61008F904892}.Debug|Any CPU.Build.0 = Debug|Any CPU
		{88750467-D870-433A-81A5-61008F904892}.Release|Any CPU.ActiveCfg = Release|Any CPU
		{88750467-D870-433A-81A5-61008F904892}.Release|Any CPU.Build.0 = Release|Any CPU
		{796A24AF-844B-4463-BBE2-707EB1A44CA5}.Debug|Any CPU.ActiveCfg = Debug|Any CPU
		{796A24AF-844B-4463-BBE2-707EB1A44CA5}.Debug|Any CPU.Build.0 = Debug|Any CPU
		{796A24AF-844B-4463-BBE2-707EB1A44CA5}.Release|Any CPU.ActiveCfg = Release|Any CPU
		{796A24AF-844B-4463-BBE2-707EB1A44CA5}.Release|Any CPU.Build.0 = Release|Any CPU
		{FBD55CDE-C6FF-4DAE-9BF3-217E0248B63D}.Debug|Any CPU.ActiveCfg = Debug|Any CPU
		{FBD55CDE-C6FF-4DAE-9BF3-217E0248B63D}.Debug|Any CPU.Build.0 = Debug|Any CPU
		{FBD55CDE-C6FF-4DAE-9BF3-217E0248B63D}.Release|Any CPU.ActiveCfg = Release|Any CPU
		{FBD55CDE-C6FF-4DAE-9BF3-217E0248B63D}.Release|Any CPU.Build.0 = Release|Any CPU
		{4FBA1A1E-518A-4BFB-9F3E-B5B1488C1C1F}.Debug|Any CPU.ActiveCfg = Debug|Any CPU
		{4FBA1A1E-518A-4BFB-9F3E-B5B1488C1C1F}.Debug|Any CPU.Build.0 = Debug|Any CPU
		{4FBA1A1E-518A-4BFB-9F3E-B5B1488C1C1F}.Release|Any CPU.ActiveCfg = Release|Any CPU
		{4FBA1A1E-518A-4BFB-9F3E-B5B1488C1C1F}.Release|Any CPU.Build.0 = Release|Any CPU
		{C5DEBBFD-CD40-4E59-BBB5-ED2CE901EB68}.Debug|Any CPU.ActiveCfg = Debug|Any CPU
		{C5DEBBFD-CD40-4E59-BBB5-ED2CE901EB68}.Debug|Any CPU.Build.0 = Debug|Any CPU
		{C5DEBBFD-CD40-4E59-BBB5-ED2CE901EB68}.Release|Any CPU.ActiveCfg = Release|Any CPU
		{C5DEBBFD-CD40-4E59-BBB5-ED2CE901EB68}.Release|Any CPU.Build.0 = Release|Any CPU
	EndGlobalSection
	GlobalSection(SolutionProperties) = preSolution
		HideSolutionNode = FALSE
	EndGlobalSection
	GlobalSection(NestedProjects) = preSolution
	EndGlobalSection
EndGlobal
